// !$*UTF8*$!
{
	archiveVersion = 1;
	classes = {
	};
	objectVersion = 56;
	objects = {

/* Begin PBXBuildFile section */
		4ABA25C02C6CD5AA008E0B9F /* RecipeTableViewCell.swift in Sources */ = {isa = PBXBuildFile; fileRef = 4ABA25BE2C6CD5AA008E0B9F /* RecipeTableViewCell.swift */; };
		4ABA25C12C6CD5AA008E0B9F /* RecipeTableViewCell.xib in Resources */ = {isa = PBXBuildFile; fileRef = 4ABA25BF2C6CD5AA008E0B9F /* RecipeTableViewCell.xib */; };
		4ABA25C52C6D00C1008E0B9F /* RecipeDetailsViewController.swift in Sources */ = {isa = PBXBuildFile; fileRef = 4ABA25C42C6D00C1008E0B9F /* RecipeDetailsViewController.swift */; };
		4ABA25C82C6D00F6008E0B9F /* DetailsRecipeViewModel.swift in Sources */ = {isa = PBXBuildFile; fileRef = 4ABA25C72C6D00F6008E0B9F /* DetailsRecipeViewModel.swift */; };
		4AED9D1F2C6BA62E008D4D18 /* AppDelegate.swift in Sources */ = {isa = PBXBuildFile; fileRef = 4AED9D1E2C6BA62E008D4D18 /* AppDelegate.swift */; };
		4AED9D212C6BA62E008D4D18 /* SceneDelegate.swift in Sources */ = {isa = PBXBuildFile; fileRef = 4AED9D202C6BA62E008D4D18 /* SceneDelegate.swift */; };
		4AED9D232C6BA62E008D4D18 /* SearchViewController.swift in Sources */ = {isa = PBXBuildFile; fileRef = 4AED9D222C6BA62E008D4D18 /* SearchViewController.swift */; };
		4AED9D262C6BA62E008D4D18 /* Base in Resources */ = {isa = PBXBuildFile; fileRef = 4AED9D252C6BA62E008D4D18 /* Base */; };
		4AED9D282C6BA630008D4D18 /* Assets.xcassets in Resources */ = {isa = PBXBuildFile; fileRef = 4AED9D272C6BA630008D4D18 /* Assets.xcassets */; };
		4AED9D2B2C6BA630008D4D18 /* Base in Resources */ = {isa = PBXBuildFile; fileRef = 4AED9D2A2C6BA630008D4D18 /* Base */; };
		4AED9D3B2C6BA801008D4D18 /* Utils.swift in Sources */ = {isa = PBXBuildFile; fileRef = 4AED9D3A2C6BA801008D4D18 /* Utils.swift */; };
		4AED9D3D2C6BA815008D4D18 /* Constant.swift in Sources */ = {isa = PBXBuildFile; fileRef = 4AED9D3C2C6BA815008D4D18 /* Constant.swift */; };
		4AED9D412C6BA8BE008D4D18 /* NetworkService.swift in Sources */ = {isa = PBXBuildFile; fileRef = 4AED9D402C6BA8BE008D4D18 /* NetworkService.swift */; };
		4AED9D432C6BA8DD008D4D18 /* SearchViewModel.swift in Sources */ = {isa = PBXBuildFile; fileRef = 4AED9D422C6BA8DD008D4D18 /* SearchViewModel.swift */; };
		4AED9D482C6BB14B008D4D18 /* CategoryCollectionViewCell.swift in Sources */ = {isa = PBXBuildFile; fileRef = 4AED9D462C6BB14B008D4D18 /* CategoryCollectionViewCell.swift */; };
		4AED9D492C6BB14B008D4D18 /* CategoryCollectionViewCell.xib in Resources */ = {isa = PBXBuildFile; fileRef = 4AED9D472C6BB14B008D4D18 /* CategoryCollectionViewCell.xib */; };
		4AED9D4C2C6CA830008D4D18 /* Kingfisher in Frameworks */ = {isa = PBXBuildFile; productRef = 4AED9D4B2C6CA830008D4D18 /* Kingfisher */; };
		4AED9D4F2C6CA84B008D4D18 /* Alamofire in Frameworks */ = {isa = PBXBuildFile; productRef = 4AED9D4E2C6CA84B008D4D18 /* Alamofire */; };
		4AED9D522C6CAB56008D4D18 /* SearchResponse.swift in Sources */ = {isa = PBXBuildFile; fileRef = 4AED9D512C6CAB56008D4D18 /* SearchResponse.swift */; };
/* End PBXBuildFile section */

/* Begin PBXFileReference section */
		4ABA25BE2C6CD5AA008E0B9F /* RecipeTableViewCell.swift */ = {isa = PBXFileReference; lastKnownFileType = sourcecode.swift; path = RecipeTableViewCell.swift; sourceTree = "<group>"; };
		4ABA25BF2C6CD5AA008E0B9F /* RecipeTableViewCell.xib */ = {isa = PBXFileReference; lastKnownFileType = file.xib; path = RecipeTableViewCell.xib; sourceTree = "<group>"; };
		4ABA25C42C6D00C1008E0B9F /* RecipeDetailsViewController.swift */ = {isa = PBXFileReference; lastKnownFileType = sourcecode.swift; path = RecipeDetailsViewController.swift; sourceTree = "<group>"; };
		4ABA25C72C6D00F6008E0B9F /* DetailsRecipeViewModel.swift */ = {isa = PBXFileReference; lastKnownFileType = sourcecode.swift; path = DetailsRecipeViewModel.swift; sourceTree = "<group>"; };
		4AED9D1B2C6BA62D008D4D18 /* Recipes.app */ = {isa = PBXFileReference; explicitFileType = wrapper.application; includeInIndex = 0; path = Recipes.app; sourceTree = BUILT_PRODUCTS_DIR; };
		4AED9D1E2C6BA62E008D4D18 /* AppDelegate.swift */ = {isa = PBXFileReference; lastKnownFileType = sourcecode.swift; path = AppDelegate.swift; sourceTree = "<group>"; };
		4AED9D202C6BA62E008D4D18 /* SceneDelegate.swift */ = {isa = PBXFileReference; lastKnownFileType = sourcecode.swift; path = SceneDelegate.swift; sourceTree = "<group>"; };
		4AED9D222C6BA62E008D4D18 /* SearchViewController.swift */ = {isa = PBXFileReference; lastKnownFileType = sourcecode.swift; path = SearchViewController.swift; sourceTree = "<group>"; };
		4AED9D252C6BA62E008D4D18 /* Base */ = {isa = PBXFileReference; lastKnownFileType = file.storyboard; name = Base; path = Base.lproj/Main.storyboard; sourceTree = "<group>"; };
		4AED9D272C6BA630008D4D18 /* Assets.xcassets */ = {isa = PBXFileReference; lastKnownFileType = folder.assetcatalog; path = Assets.xcassets; sourceTree = "<group>"; };
		4AED9D2A2C6BA630008D4D18 /* Base */ = {isa = PBXFileReference; lastKnownFileType = file.storyboard; name = Base; path = Base.lproj/LaunchScreen.storyboard; sourceTree = "<group>"; };
		4AED9D2C2C6BA630008D4D18 /* Info.plist */ = {isa = PBXFileReference; lastKnownFileType = text.plist.xml; path = Info.plist; sourceTree = "<group>"; };
		4AED9D3A2C6BA801008D4D18 /* Utils.swift */ = {isa = PBXFileReference; lastKnownFileType = sourcecode.swift; path = Utils.swift; sourceTree = "<group>"; };
		4AED9D3C2C6BA815008D4D18 /* Constant.swift */ = {isa = PBXFileReference; lastKnownFileType = sourcecode.swift; path = Constant.swift; sourceTree = "<group>"; };
		4AED9D402C6BA8BE008D4D18 /* NetworkService.swift */ = {isa = PBXFileReference; lastKnownFileType = sourcecode.swift; path = NetworkService.swift; sourceTree = "<group>"; };
		4AED9D422C6BA8DD008D4D18 /* SearchViewModel.swift */ = {isa = PBXFileReference; lastKnownFileType = sourcecode.swift; path = SearchViewModel.swift; sourceTree = "<group>"; };
		4AED9D462C6BB14B008D4D18 /* CategoryCollectionViewCell.swift */ = {isa = PBXFileReference; lastKnownFileType = sourcecode.swift; path = CategoryCollectionViewCell.swift; sourceTree = "<group>"; };
		4AED9D472C6BB14B008D4D18 /* CategoryCollectionViewCell.xib */ = {isa = PBXFileReference; lastKnownFileType = file.xib; path = CategoryCollectionViewCell.xib; sourceTree = "<group>"; };
		4AED9D512C6CAB56008D4D18 /* SearchResponse.swift */ = {isa = PBXFileReference; lastKnownFileType = sourcecode.swift; path = SearchResponse.swift; sourceTree = "<group>"; };
/* End PBXFileReference section */

/* Begin PBXFrameworksBuildPhase section */
		4AED9D182C6BA62D008D4D18 /* Frameworks */ = {
			isa = PBXFrameworksBuildPhase;
			buildActionMask = 2147483647;
			files = (
				4AED9D4C2C6CA830008D4D18 /* Kingfisher in Frameworks */,
				4AED9D4F2C6CA84B008D4D18 /* Alamofire in Frameworks */,
			);
			runOnlyForDeploymentPostprocessing = 0;
		};
/* End PBXFrameworksBuildPhase section */

/* Begin PBXGroup section */
		4ABA25C22C6D0095008E0B9F /* DetailsScreen */ = {
			isa = PBXGroup;
			children = (
				4ABA25C32C6D00A3008E0B9F /* View */,
				4ABA25C62C6D00CC008E0B9F /* ViewModel */,
			);
			path = DetailsScreen;
			sourceTree = "<group>";
		};
		4ABA25C32C6D00A3008E0B9F /* View */ = {
			isa = PBXGroup;
			children = (
				4ABA25C42C6D00C1008E0B9F /* RecipeDetailsViewController.swift */,
			);
			path = View;
			sourceTree = "<group>";
		};
		4ABA25C62C6D00CC008E0B9F /* ViewModel */ = {
			isa = PBXGroup;
			children = (
				4ABA25C72C6D00F6008E0B9F /* DetailsRecipeViewModel.swift */,
			);
			path = ViewModel;
			sourceTree = "<group>";
		};
		4AED9D122C6BA62D008D4D18 = {
			isa = PBXGroup;
			children = (
				4AED9D1D2C6BA62D008D4D18 /* Recipes */,
				4AED9D1C2C6BA62D008D4D18 /* Products */,
			);
			sourceTree = "<group>";
		};
		4AED9D1C2C6BA62D008D4D18 /* Products */ = {
			isa = PBXGroup;
			children = (
				4AED9D1B2C6BA62D008D4D18 /* Recipes.app */,
			);
			name = Products;
			sourceTree = "<group>";
		};
		4AED9D1D2C6BA62D008D4D18 /* Recipes */ = {
			isa = PBXGroup;
			children = (
				4AED9D322C6BA6F4008D4D18 /* Modules */,
				4AED9D332C6BA6FB008D4D18 /* Model */,
				4AED9D342C6BA73B008D4D18 /* View */,
				4AED9D382C6BA7D6008D4D18 /* Shared */,
				4AED9D1E2C6BA62E008D4D18 /* AppDelegate.swift */,
				4AED9D202C6BA62E008D4D18 /* SceneDelegate.swift */,
				4AED9D272C6BA630008D4D18 /* Assets.xcassets */,
				4AED9D2C2C6BA630008D4D18 /* Info.plist */,
			);
			path = Recipes;
			sourceTree = "<group>";
		};
		4AED9D322C6BA6F4008D4D18 /* Modules */ = {
			isa = PBXGroup;
			children = (
				4AED9D352C6BA74C008D4D18 /* SearchScreen */,
				4ABA25C22C6D0095008E0B9F /* DetailsScreen */,
			);
			path = Modules;
			sourceTree = "<group>";
		};
		4AED9D332C6BA6FB008D4D18 /* Model */ = {
			isa = PBXGroup;
			children = (
				4AED9D502C6CAB3C008D4D18 /* Models */,
				4AED9D3E2C6BA8A6008D4D18 /* Services */,
			);
			path = Model;
			sourceTree = "<group>";
		};
		4AED9D342C6BA73B008D4D18 /* View */ = {
			isa = PBXGroup;
			children = (
				4AED9D452C6BB121008D4D18 /* NibFiles */,
				4AED9D442C6BB10F008D4D18 /* MainStoryboard */,
			);
			path = View;
			sourceTree = "<group>";
		};
		4AED9D352C6BA74C008D4D18 /* SearchScreen */ = {
			isa = PBXGroup;
			children = (
				4AED9D372C6BA784008D4D18 /* ViewModel */,
				4AED9D362C6BA75E008D4D18 /* View */,
			);
			path = SearchScreen;
			sourceTree = "<group>";
		};
		4AED9D362C6BA75E008D4D18 /* View */ = {
			isa = PBXGroup;
			children = (
				4AED9D222C6BA62E008D4D18 /* SearchViewController.swift */,
			);
			path = View;
			sourceTree = "<group>";
		};
		4AED9D372C6BA784008D4D18 /* ViewModel */ = {
			isa = PBXGroup;
			children = (
				4AED9D422C6BA8DD008D4D18 /* SearchViewModel.swift */,
			);
			path = ViewModel;
			sourceTree = "<group>";
		};
		4AED9D382C6BA7D6008D4D18 /* Shared */ = {
			isa = PBXGroup;
			children = (
				4AED9D392C6BA7DD008D4D18 /* Utils */,
			);
			path = Shared;
			sourceTree = "<group>";
		};
		4AED9D392C6BA7DD008D4D18 /* Utils */ = {
			isa = PBXGroup;
			children = (
				4AED9D3A2C6BA801008D4D18 /* Utils.swift */,
				4AED9D3C2C6BA815008D4D18 /* Constant.swift */,
			);
			path = Utils;
			sourceTree = "<group>";
		};
		4AED9D3E2C6BA8A6008D4D18 /* Services */ = {
			isa = PBXGroup;
			children = (
				4AED9D3F2C6BA8AC008D4D18 /* Network */,
			);
			path = Services;
			sourceTree = "<group>";
		};
		4AED9D3F2C6BA8AC008D4D18 /* Network */ = {
			isa = PBXGroup;
			children = (
				4AED9D402C6BA8BE008D4D18 /* NetworkService.swift */,
			);
			path = Network;
			sourceTree = "<group>";
		};
		4AED9D442C6BB10F008D4D18 /* MainStoryboard */ = {
			isa = PBXGroup;
			children = (
				4AED9D242C6BA62E008D4D18 /* Main.storyboard */,
				4AED9D292C6BA630008D4D18 /* LaunchScreen.storyboard */,
			);
			path = MainStoryboard;
			sourceTree = "<group>";
		};
		4AED9D452C6BB121008D4D18 /* NibFiles */ = {
			isa = PBXGroup;
			children = (
				4AED9D462C6BB14B008D4D18 /* CategoryCollectionViewCell.swift */,
				4AED9D472C6BB14B008D4D18 /* CategoryCollectionViewCell.xib */,
				4ABA25BE2C6CD5AA008E0B9F /* RecipeTableViewCell.swift */,
				4ABA25BF2C6CD5AA008E0B9F /* RecipeTableViewCell.xib */,
			);
			path = NibFiles;
			sourceTree = "<group>";
		};
		4AED9D502C6CAB3C008D4D18 /* Models */ = {
			isa = PBXGroup;
			children = (
				4AED9D512C6CAB56008D4D18 /* SearchResponse.swift */,
			);
			path = Models;
			sourceTree = "<group>";
		};
/* End PBXGroup section */

/* Begin PBXNativeTarget section */
		4AED9D1A2C6BA62D008D4D18 /* Recipes */ = {
			isa = PBXNativeTarget;
			buildConfigurationList = 4AED9D2F2C6BA630008D4D18 /* Build configuration list for PBXNativeTarget "Recipes" */;
			buildPhases = (
				4AED9D172C6BA62D008D4D18 /* Sources */,
				4AED9D182C6BA62D008D4D18 /* Frameworks */,
				4AED9D192C6BA62D008D4D18 /* Resources */,
			);
			buildRules = (
			);
			dependencies = (
			);
			name = Recipes;
			packageProductDependencies = (
				4AED9D4B2C6CA830008D4D18 /* Kingfisher */,
				4AED9D4E2C6CA84B008D4D18 /* Alamofire */,
			);
			productName = Recipes;
			productReference = 4AED9D1B2C6BA62D008D4D18 /* Recipes.app */;
			productType = "com.apple.product-type.application";
		};
/* End PBXNativeTarget section */

/* Begin PBXProject section */
		4AED9D132C6BA62D008D4D18 /* Project object */ = {
			isa = PBXProject;
			attributes = {
				BuildIndependentTargetsInParallel = 1;
				LastSwiftUpdateCheck = 1540;
				LastUpgradeCheck = 1540;
				TargetAttributes = {
					4AED9D1A2C6BA62D008D4D18 = {
						CreatedOnToolsVersion = 15.4;
					};
				};
			};
			buildConfigurationList = 4AED9D162C6BA62D008D4D18 /* Build configuration list for PBXProject "Recipes" */;
			compatibilityVersion = "Xcode 14.0";
			developmentRegion = en;
			hasScannedForEncodings = 0;
			knownRegions = (
				en,
				Base,
			);
			mainGroup = 4AED9D122C6BA62D008D4D18;
			packageReferences = (
				4AED9D4A2C6CA830008D4D18 /* XCRemoteSwiftPackageReference "Kingfisher" */,
				4AED9D4D2C6CA84B008D4D18 /* XCRemoteSwiftPackageReference "Alamofire" */,
			);
			productRefGroup = 4AED9D1C2C6BA62D008D4D18 /* Products */;
			projectDirPath = "";
			projectRoot = "";
			targets = (
				4AED9D1A2C6BA62D008D4D18 /* Recipes */,
			);
		};
/* End PBXProject section */

/* Begin PBXResourcesBuildPhase section */
		4AED9D192C6BA62D008D4D18 /* Resources */ = {
			isa = PBXResourcesBuildPhase;
			buildActionMask = 2147483647;
			files = (
				4AED9D492C6BB14B008D4D18 /* CategoryCollectionViewCell.xib in Resources */,
				4AED9D282C6BA630008D4D18 /* Assets.xcassets in Resources */,
				4AED9D2B2C6BA630008D4D18 /* Base in Resources */,
				4ABA25C12C6CD5AA008E0B9F /* RecipeTableViewCell.xib in Resources */,
				4AED9D262C6BA62E008D4D18 /* Base in Resources */,
			);
			runOnlyForDeploymentPostprocessing = 0;
		};
/* End PBXResourcesBuildPhase section */

/* Begin PBXSourcesBuildPhase section */
		4AED9D172C6BA62D008D4D18 /* Sources */ = {
			isa = PBXSourcesBuildPhase;
			buildActionMask = 2147483647;
			files = (
				4AED9D482C6BB14B008D4D18 /* CategoryCollectionViewCell.swift in Sources */,
				4ABA25C82C6D00F6008E0B9F /* DetailsRecipeViewModel.swift in Sources */,
				4ABA25C02C6CD5AA008E0B9F /* RecipeTableViewCell.swift in Sources */,
				4AED9D232C6BA62E008D4D18 /* SearchViewController.swift in Sources */,
				4AED9D432C6BA8DD008D4D18 /* SearchViewModel.swift in Sources */,
				4AED9D1F2C6BA62E008D4D18 /* AppDelegate.swift in Sources */,
				4AED9D3D2C6BA815008D4D18 /* Constant.swift in Sources */,
				4AED9D212C6BA62E008D4D18 /* SceneDelegate.swift in Sources */,
				4AED9D412C6BA8BE008D4D18 /* NetworkService.swift in Sources */,
				4AED9D3B2C6BA801008D4D18 /* Utils.swift in Sources */,
				4ABA25C52C6D00C1008E0B9F /* RecipeDetailsViewController.swift in Sources */,
				4AED9D522C6CAB56008D4D18 /* SearchResponse.swift in Sources */,
			);
			runOnlyForDeploymentPostprocessing = 0;
		};
/* End PBXSourcesBuildPhase section */

/* Begin PBXVariantGroup section */
		4AED9D242C6BA62E008D4D18 /* Main.storyboard */ = {
			isa = PBXVariantGroup;
			children = (
				4AED9D252C6BA62E008D4D18 /* Base */,
			);
			name = Main.storyboard;
			sourceTree = "<group>";
		};
		4AED9D292C6BA630008D4D18 /* LaunchScreen.storyboard */ = {
			isa = PBXVariantGroup;
			children = (
				4AED9D2A2C6BA630008D4D18 /* Base */,
			);
			name = LaunchScreen.storyboard;
			sourceTree = "<group>";
		};
/* End PBXVariantGroup section */

/* Begin XCBuildConfiguration section */
		4AED9D2D2C6BA630008D4D18 /* Debug */ = {
			isa = XCBuildConfiguration;
			buildSettings = {
				ALWAYS_SEARCH_USER_PATHS = NO;
				ASSETCATALOG_COMPILER_GENERATE_SWIFT_ASSET_SYMBOL_EXTENSIONS = YES;
				CLANG_ANALYZER_NONNULL = YES;
				CLANG_ANALYZER_NUMBER_OBJECT_CONVERSION = YES_AGGRESSIVE;
				CLANG_CXX_LANGUAGE_STANDARD = "gnu++20";
				CLANG_ENABLE_MODULES = YES;
				CLANG_ENABLE_OBJC_ARC = YES;
				CLANG_ENABLE_OBJC_WEAK = YES;
				CLANG_WARN_BLOCK_CAPTURE_AUTORELEASING = YES;
				CLANG_WARN_BOOL_CONVERSION = YES;
				CLANG_WARN_COMMA = YES;
				CLANG_WARN_CONSTANT_CONVERSION = YES;
				CLANG_WARN_DEPRECATED_OBJC_IMPLEMENTATIONS = YES;
				CLANG_WARN_DIRECT_OBJC_ISA_USAGE = YES_ERROR;
				CLANG_WARN_DOCUMENTATION_COMMENTS = YES;
				CLANG_WARN_EMPTY_BODY = YES;
				CLANG_WARN_ENUM_CONVERSION = YES;
				CLANG_WARN_INFINITE_RECURSION = YES;
				CLANG_WARN_INT_CONVERSION = YES;
				CLANG_WARN_NON_LITERAL_NULL_CONVERSION = YES;
				CLANG_WARN_OBJC_IMPLICIT_RETAIN_SELF = YES;
				CLANG_WARN_OBJC_LITERAL_CONVERSION = YES;
				CLANG_WARN_OBJC_ROOT_CLASS = YES_ERROR;
				CLANG_WARN_QUOTED_INCLUDE_IN_FRAMEWORK_HEADER = YES;
				CLANG_WARN_RANGE_LOOP_ANALYSIS = YES;
				CLANG_WARN_STRICT_PROTOTYPES = YES;
				CLANG_WARN_SUSPICIOUS_MOVE = YES;
				CLANG_WARN_UNGUARDED_AVAILABILITY = YES_AGGRESSIVE;
				CLANG_WARN_UNREACHABLE_CODE = YES;
				CLANG_WARN__DUPLICATE_METHOD_MATCH = YES;
				COPY_PHASE_STRIP = NO;
				DEBUG_INFORMATION_FORMAT = dwarf;
				ENABLE_STRICT_OBJC_MSGSEND = YES;
				ENABLE_TESTABILITY = YES;
				ENABLE_USER_SCRIPT_SANDBOXING = YES;
				GCC_C_LANGUAGE_STANDARD = gnu17;
				GCC_DYNAMIC_NO_PIC = NO;
				GCC_NO_COMMON_BLOCKS = YES;
				GCC_OPTIMIZATION_LEVEL = 0;
				GCC_PREPROCESSOR_DEFINITIONS = (
					"DEBUG=1",
					"$(inherited)",
				);
				GCC_WARN_64_TO_32_BIT_CONVERSION = YES;
				GCC_WARN_ABOUT_RETURN_TYPE = YES_ERROR;
				GCC_WARN_UNDECLARED_SELECTOR = YES;
				GCC_WARN_UNINITIALIZED_AUTOS = YES_AGGRESSIVE;
				GCC_WARN_UNUSED_FUNCTION = YES;
				GCC_WARN_UNUSED_VARIABLE = YES;
				IPHONEOS_DEPLOYMENT_TARGET = 17.5;
				LOCALIZATION_PREFERS_STRING_CATALOGS = YES;
				MTL_ENABLE_DEBUG_INFO = INCLUDE_SOURCE;
				MTL_FAST_MATH = YES;
				ONLY_ACTIVE_ARCH = YES;
				SDKROOT = iphoneos;
				SWIFT_ACTIVE_COMPILATION_CONDITIONS = "DEBUG $(inherited)";
				SWIFT_OPTIMIZATION_LEVEL = "-Onone";
			};
			name = Debug;
		};
		4AED9D2E2C6BA630008D4D18 /* Release */ = {
			isa = XCBuildConfiguration;
			buildSettings = {
				ALWAYS_SEARCH_USER_PATHS = NO;
				ASSETCATALOG_COMPILER_GENERATE_SWIFT_ASSET_SYMBOL_EXTENSIONS = YES;
				CLANG_ANALYZER_NONNULL = YES;
				CLANG_ANALYZER_NUMBER_OBJECT_CONVERSION = YES_AGGRESSIVE;
				CLANG_CXX_LANGUAGE_STANDARD = "gnu++20";
				CLANG_ENABLE_MODULES = YES;
				CLANG_ENABLE_OBJC_ARC = YES;
				CLANG_ENABLE_OBJC_WEAK = YES;
				CLANG_WARN_BLOCK_CAPTURE_AUTORELEASING = YES;
				CLANG_WARN_BOOL_CONVERSION = YES;
				CLANG_WARN_COMMA = YES;
				CLANG_WARN_CONSTANT_CONVERSION = YES;
				CLANG_WARN_DEPRECATED_OBJC_IMPLEMENTATIONS = YES;
				CLANG_WARN_DIRECT_OBJC_ISA_USAGE = YES_ERROR;
				CLANG_WARN_DOCUMENTATION_COMMENTS = YES;
				CLANG_WARN_EMPTY_BODY = YES;
				CLANG_WARN_ENUM_CONVERSION = YES;
				CLANG_WARN_INFINITE_RECURSION = YES;
				CLANG_WARN_INT_CONVERSION = YES;
				CLANG_WARN_NON_LITERAL_NULL_CONVERSION = YES;
				CLANG_WARN_OBJC_IMPLICIT_RETAIN_SELF = YES;
				CLANG_WARN_OBJC_LITERAL_CONVERSION = YES;
				CLANG_WARN_OBJC_ROOT_CLASS = YES_ERROR;
				CLANG_WARN_QUOTED_INCLUDE_IN_FRAMEWORK_HEADER = YES;
				CLANG_WARN_RANGE_LOOP_ANALYSIS = YES;
				CLANG_WARN_STRICT_PROTOTYPES = YES;
				CLANG_WARN_SUSPICIOUS_MOVE = YES;
				CLANG_WARN_UNGUARDED_AVAILABILITY = YES_AGGRESSIVE;
				CLANG_WARN_UNREACHABLE_CODE = YES;
				CLANG_WARN__DUPLICATE_METHOD_MATCH = YES;
				COPY_PHASE_STRIP = NO;
				DEBUG_INFORMATION_FORMAT = "dwarf-with-dsym";
				ENABLE_NS_ASSERTIONS = NO;
				ENABLE_STRICT_OBJC_MSGSEND = YES;
				ENABLE_USER_SCRIPT_SANDBOXING = YES;
				GCC_C_LANGUAGE_STANDARD = gnu17;
				GCC_NO_COMMON_BLOCKS = YES;
				GCC_WARN_64_TO_32_BIT_CONVERSION = YES;
				GCC_WARN_ABOUT_RETURN_TYPE = YES_ERROR;
				GCC_WARN_UNDECLARED_SELECTOR = YES;
				GCC_WARN_UNINITIALIZED_AUTOS = YES_AGGRESSIVE;
				GCC_WARN_UNUSED_FUNCTION = YES;
				GCC_WARN_UNUSED_VARIABLE = YES;
				IPHONEOS_DEPLOYMENT_TARGET = 17.5;
				LOCALIZATION_PREFERS_STRING_CATALOGS = YES;
				MTL_ENABLE_DEBUG_INFO = NO;
				MTL_FAST_MATH = YES;
				SDKROOT = iphoneos;
				SWIFT_COMPILATION_MODE = wholemodule;
				VALIDATE_PRODUCT = YES;
			};
			name = Release;
		};
		4AED9D302C6BA630008D4D18 /* Debug */ = {
			isa = XCBuildConfiguration;
			buildSettings = {
				ASSETCATALOG_COMPILER_APPICON_NAME = AppIcon;
				ASSETCATALOG_COMPILER_GLOBAL_ACCENT_COLOR_NAME = AccentColor;
				CODE_SIGN_STYLE = Automatic;
				CURRENT_PROJECT_VERSION = 1;
				GENERATE_INFOPLIST_FILE = YES;
				INFOPLIST_FILE = Recipes/Info.plist;
				INFOPLIST_KEY_UIApplicationSupportsIndirectInputEvents = YES;
				INFOPLIST_KEY_UILaunchStoryboardName = LaunchScreen;
				INFOPLIST_KEY_UIMainStoryboardFile = Main;
				INFOPLIST_KEY_UISupportedInterfaceOrientations_iPad = "UIInterfaceOrientationPortrait UIInterfaceOrientationPortraitUpsideDown UIInterfaceOrientationLandscapeLeft UIInterfaceOrientationLandscapeRight";
				INFOPLIST_KEY_UISupportedInterfaceOrientations_iPhone = "UIInterfaceOrientationPortrait UIInterfaceOrientationLandscapeLeft UIInterfaceOrientationLandscapeRight";
				LD_RUNPATH_SEARCH_PATHS = (
					"$(inherited)",
					"@executable_path/Frameworks",
				);
				MARKETING_VERSION = 1.0;
				PRODUCT_BUNDLE_IDENTIFIER = asereid.Recipes;
				PRODUCT_NAME = "$(TARGET_NAME)";
				SWIFT_EMIT_LOC_STRINGS = YES;
				SWIFT_VERSION = 5.0;
				TARGETED_DEVICE_FAMILY = "1,2";
			};
			name = Debug;
		};
		4AED9D312C6BA630008D4D18 /* Release */ = {
			isa = XCBuildConfiguration;
			buildSettings = {
				ASSETCATALOG_COMPILER_APPICON_NAME = AppIcon;
				ASSETCATALOG_COMPILER_GLOBAL_ACCENT_COLOR_NAME = AccentColor;
				CODE_SIGN_STYLE = Automatic;
				CURRENT_PROJECT_VERSION = 1;
				GENERATE_INFOPLIST_FILE = YES;
				INFOPLIST_FILE = Recipes/Info.plist;
				INFOPLIST_KEY_UIApplicationSupportsIndirectInputEvents = YES;
				INFOPLIST_KEY_UILaunchStoryboardName = LaunchScreen;
				INFOPLIST_KEY_UIMainStoryboardFile = Main;
				INFOPLIST_KEY_UISupportedInterfaceOrientations_iPad = "UIInterfaceOrientationPortrait UIInterfaceOrientationPortraitUpsideDown UIInterfaceOrientationLandscapeLeft UIInterfaceOrientationLandscapeRight";
				INFOPLIST_KEY_UISupportedInterfaceOrientations_iPhone = "UIInterfaceOrientationPortrait UIInterfaceOrientationLandscapeLeft UIInterfaceOrientationLandscapeRight";
				LD_RUNPATH_SEARCH_PATHS = (
					"$(inherited)",
					"@executable_path/Frameworks",
				);
				MARKETING_VERSION = 1.0;
				PRODUCT_BUNDLE_IDENTIFIER = asereid.Recipes;
				PRODUCT_NAME = "$(TARGET_NAME)";
				SWIFT_EMIT_LOC_STRINGS = YES;
				SWIFT_VERSION = 5.0;
				TARGETED_DEVICE_FAMILY = "1,2";
			};
			name = Release;
		};
/* End XCBuildConfiguration section */

/* Begin XCConfigurationList section */
		4AED9D162C6BA62D008D4D18 /* Build configuration list for PBXProject "Recipes" */ = {
			isa = XCConfigurationList;
			buildConfigurations = (
				4AED9D2D2C6BA630008D4D18 /* Debug */,
				4AED9D2E2C6BA630008D4D18 /* Release */,
			);
			defaultConfigurationIsVisible = 0;
			defaultConfigurationName = Release;
		};
		4AED9D2F2C6BA630008D4D18 /* Build configuration list for PBXNativeTarget "Recipes" */ = {
			isa = XCConfigurationList;
			buildConfigurations = (
				4AED9D302C6BA630008D4D18 /* Debug */,
				4AED9D312C6BA630008D4D18 /* Release */,
			);
			defaultConfigurationIsVisible = 0;
			defaultConfigurationName = Release;
		};
/* End XCConfigurationList section */

/* Begin XCRemoteSwiftPackageReference section */
		4AED9D4A2C6CA830008D4D18 /* XCRemoteSwiftPackageReference "Kingfisher" */ = {
			isa = XCRemoteSwiftPackageReference;
			repositoryURL = "https://github.com/onevcat/Kingfisher.git";
			requirement = {
				kind = upToNextMajorVersion;
				minimumVersion = 7.12.0;
			};
		};
		4AED9D4D2C6CA84B008D4D18 /* XCRemoteSwiftPackageReference "Alamofire" */ = {
			isa = XCRemoteSwiftPackageReference;
			repositoryURL = "https://github.com/Alamofire/Alamofire.git";
			requirement = {
				kind = upToNextMajorVersion;
				minimumVersion = 5.9.1;
			};
		};
/* End XCRemoteSwiftPackageReference section */

/* Begin XCSwiftPackageProductDependency section */
		4AED9D4B2C6CA830008D4D18 /* Kingfisher */ = {
			isa = XCSwiftPackageProductDependency;
			package = 4AED9D4A2C6CA830008D4D18 /* XCRemoteSwiftPackageReference "Kingfisher" */;
			productName = Kingfisher;
		};
		4AED9D4E2C6CA84B008D4D18 /* Alamofire */ = {
			isa = XCSwiftPackageProductDependency;
			package = 4AED9D4D2C6CA84B008D4D18 /* XCRemoteSwiftPackageReference "Alamofire" */;
			productName = Alamofire;
		};
/* End XCSwiftPackageProductDependency section */
	};
	rootObject = 4AED9D132C6BA62D008D4D18 /* Project object */;
}
